
Microsoft Visual Studio Solution File, Format Version 12.00
# Visual Studio Version 17
VisualStudioVersion = 17.6.33829.357
MinimumVisualStudioVersion = 10.0.40219.1
Project("{9A19103F-16F7-4668-BE54-9A1E7A4F7556}") = "ContactsApi", "ContactsApi\ContactsApi.csproj", "{4E8F3022-3939-4EB0-B472-92D84A4FA54D}"
EndProject
Project("{FAE04EC0-301F-11D3-BF4B-00C04F79EFBC}") = "BlazrorContacts", "BlazrorContacts\BlazrorContacts.csproj", "{D9EEC784-14D5-4802-8108-431C181D6218}"
EndProject
Global
	GlobalSection(SolutionConfigurationPlatforms) = preSolution
		Debug|Any CPU = Debug|Any CPU
		Release|Any CPU = Release|Any CPU
	EndGlobalSection
	GlobalSection(ProjectConfigurationPlatforms) = postSolution
		{4E8F3022-3939-4EB0-B472-92D84A4FA54D}.Debug|Any CPU.ActiveCfg = Debug|Any CPU
		{4E8F3022-3939-4EB0-B472-92D84A4FA54D}.Debug|Any CPU.Build.0 = Debug|Any CPU
		{4E8F3022-3939-4EB0-B472-92D84A4FA54D}.Release|Any CPU.ActiveCfg = Release|Any CPU
		{4E8F3022-3939-4EB0-B472-92D84A4FA54D}.Release|Any CPU.Build.0 = Release|Any CPU
		{D9EEC784-14D5-4802-8108-431C181D6218}.Debug|Any CPU.ActiveCfg = Debug|Any CPU
		{D9EEC784-14D5-4802-8108-431C181D6218}.Debug|Any CPU.Build.0 = Debug|Any CPU
		{D9EEC784-14D5-4802-8108-431C181D6218}.Release|Any CPU.ActiveCfg = Release|Any CPU
		{D9EEC784-14D5-4802-8108-431C181D6218}.Release|Any CPU.Build.0 = Release|Any CPU
	EndGlobalSection
	GlobalSection(SolutionProperties) = preSolution
		HideSolutionNode = FALSE
	EndGlobalSection
	GlobalSection(ExtensibilityGlobals) = postSolution
		SolutionGuid = {FA9BF3D2-B6B8-4CEA-A7DC-2DE5A007EC86}
	EndGlobalSection
EndGlobal
